// !$*UTF8*$!
{
	archiveVersion = 1;
	classes = {
	};
	objectVersion = 56;
	objects = {

/* Begin PBXBuildFile section */
		E7150DF12C60280700C3DA75 /* ExyteChat in Frameworks */ = {isa = PBXBuildFile; productRef = E7150DF02C60280700C3DA75 /* ExyteChat */; };
		E71C3BD52C41896F00E550C3 /* WBChatApp.swift in Sources */ = {isa = PBXBuildFile; fileRef = E71C3BD42C41896F00E550C3 /* WBChatApp.swift */; };
		E71C3BD92C41897100E550C3 /* Assets.xcassets in Resources */ = {isa = PBXBuildFile; fileRef = E71C3BD82C41897100E550C3 /* Assets.xcassets */; };
		E71C3BDC2C41897100E550C3 /* Preview Assets.xcassets in Resources */ = {isa = PBXBuildFile; fileRef = E71C3BDB2C41897100E550C3 /* Preview Assets.xcassets */; };
		E74335EC2C624C600084F537 /* ChatList.swift in Sources */ = {isa = PBXBuildFile; fileRef = E74335EB2C624C600084F537 /* ChatList.swift */; };
		E74335EE2C624DAA0084F537 /* ChatListStories.swift in Sources */ = {isa = PBXBuildFile; fileRef = E74335ED2C624DAA0084F537 /* ChatListStories.swift */; };
		E74335F02C624E090084F537 /* ChatListVIewModel.swift in Sources */ = {isa = PBXBuildFile; fileRef = E74335EF2C624E090084F537 /* ChatListVIewModel.swift */; };
		E74335F22C625B5D0084F537 /* ChatStory.swift in Sources */ = {isa = PBXBuildFile; fileRef = E74335F12C625B5D0084F537 /* ChatStory.swift */; };
		E74335F52C6281CF0084F537 /* MessageBubbleShapeView.swift in Sources */ = {isa = PBXBuildFile; fileRef = E74335F42C6281CF0084F537 /* MessageBubbleShapeView.swift */; };
		E74335F72C62822C0084F537 /* MessageBubbleView.swift in Sources */ = {isa = PBXBuildFile; fileRef = E74335F62C62822C0084F537 /* MessageBubbleView.swift */; };
		E74C5B3E2C60DE1600EDD7C5 /* ContactChatScreen.swift in Sources */ = {isa = PBXBuildFile; fileRef = E74C5B3D2C60DE1600EDD7C5 /* ContactChatScreen.swift */; };
		E74C5B402C60DE2500EDD7C5 /* ChatViewModel.swift in Sources */ = {isa = PBXBuildFile; fileRef = E74C5B3F2C60DE2500EDD7C5 /* ChatViewModel.swift */; };
		E74C5B432C60DE9900EDD7C5 /* CustomInputTextInChatView.swift in Sources */ = {isa = PBXBuildFile; fileRef = E74C5B422C60DE9900EDD7C5 /* CustomInputTextInChatView.swift */; };
		E74C5B4A2C6110FD00EDD7C5 /* Messages.swift in Sources */ = {isa = PBXBuildFile; fileRef = E74C5B492C6110FD00EDD7C5 /* Messages.swift */; };
		E74C5B4C2C61111F00EDD7C5 /* Attachment.swift in Sources */ = {isa = PBXBuildFile; fileRef = E74C5B4B2C61111F00EDD7C5 /* Attachment.swift */; };
		E74C5B4E2C61113100EDD7C5 /* ChatErrors.swift in Sources */ = {isa = PBXBuildFile; fileRef = E74C5B4D2C61113100EDD7C5 /* ChatErrors.swift */; };
		E74C5B522C615C5400EDD7C5 /* Intractor.swift in Sources */ = {isa = PBXBuildFile; fileRef = E74C5B512C615C5400EDD7C5 /* Intractor.swift */; };
		E74C5B552C615C7C00EDD7C5 /* IntractorProtocol.swift in Sources */ = {isa = PBXBuildFile; fileRef = E74C5B542C615C7C00EDD7C5 /* IntractorProtocol.swift */; };
		E74C5B582C615CE800EDD7C5 /* ChatData.swift in Sources */ = {isa = PBXBuildFile; fileRef = E74C5B572C615CE800EDD7C5 /* ChatData.swift */; };
		E74C5B5A2C61633700EDD7C5 /* Lorem.swift in Sources */ = {isa = PBXBuildFile; fileRef = E74C5B592C61633700EDD7C5 /* Lorem.swift */; };
		E74C5B5D2C61636E00EDD7C5 /* Sequence+AsyncMap.swift in Sources */ = {isa = PBXBuildFile; fileRef = E74C5B5C2C61636E00EDD7C5 /* Sequence+AsyncMap.swift */; };
		E74C5B5F2C61638F00EDD7C5 /* Date.swift in Sources */ = {isa = PBXBuildFile; fileRef = E74C5B5E2C61638F00EDD7C5 /* Date.swift */; };
		E74C5B622C617BB800EDD7C5 /* CustomChatView.swift in Sources */ = {isa = PBXBuildFile; fileRef = E74C5B612C617BB800EDD7C5 /* CustomChatView.swift */; };
		E7EB94EB2C418AC6002E38DC /* DetailsScreen.swift in Sources */ = {isa = PBXBuildFile; fileRef = E7EB94D92C418AC6002E38DC /* DetailsScreen.swift */; };
		E7EB94EC2C418AC6002E38DC /* DetailsView.swift in Sources */ = {isa = PBXBuildFile; fileRef = E7EB94DA2C418AC6002E38DC /* DetailsView.swift */; };
		E7EB94ED2C418AC6002E38DC /* SocialNetworkView.swift in Sources */ = {isa = PBXBuildFile; fileRef = E7EB94DB2C418AC6002E38DC /* SocialNetworkView.swift */; };
		E7EB94EE2C418AC6002E38DC /* DetailsAvatarView.swift in Sources */ = {isa = PBXBuildFile; fileRef = E7EB94DC2C418AC6002E38DC /* DetailsAvatarView.swift */; };
		E7EB94EF2C418AC6002E38DC /* ContactsScreen.swift in Sources */ = {isa = PBXBuildFile; fileRef = E7EB94DE2C418AC6002E38DC /* ContactsScreen.swift */; };
		E7EB94F02C418AC6002E38DC /* ContactsRow.swift in Sources */ = {isa = PBXBuildFile; fileRef = E7EB94E02C418AC6002E38DC /* ContactsRow.swift */; };
		E7EB94F12C418AC6002E38DC /* AvatarView.swift in Sources */ = {isa = PBXBuildFile; fileRef = E7EB94E12C418AC6002E38DC /* AvatarView.swift */; };
		E7EB94F22C418AC6002E38DC /* WithoutAvatarView.swift in Sources */ = {isa = PBXBuildFile; fileRef = E7EB94E22C418AC6002E38DC /* WithoutAvatarView.swift */; };
		E7EB94F32C418AC6002E38DC /* CustomTabBarView.swift in Sources */ = {isa = PBXBuildFile; fileRef = E7EB94E42C418AC6002E38DC /* CustomTabBarView.swift */; };
		E7EB94F42C418AC6002E38DC /* TabBarIcons.swift in Sources */ = {isa = PBXBuildFile; fileRef = E7EB94E52C418AC6002E38DC /* TabBarIcons.swift */; };
		E7EB94F52C418AC6002E38DC /* NewContactView.swift in Sources */ = {isa = PBXBuildFile; fileRef = E7EB94E72C418AC6002E38DC /* NewContactView.swift */; };
		E7EB94F62C418AC6002E38DC /* ContactsModel.swift in Sources */ = {isa = PBXBuildFile; fileRef = E7EB94E92C418AC6002E38DC /* ContactsModel.swift */; };
		E7EB94F72C418AC6002E38DC /* ContentView.swift in Sources */ = {isa = PBXBuildFile; fileRef = E7EB94EA2C418AC6002E38DC /* ContentView.swift */; };
		E7EB94FA2C418B0A002E38DC /* Router.swift in Sources */ = {isa = PBXBuildFile; fileRef = E7EB94F92C418B0A002E38DC /* Router.swift */; };
/* End PBXBuildFile section */

/* Begin PBXFileReference section */
		E71C3BD12C41896F00E550C3 /* WBChat.app */ = {isa = PBXFileReference; explicitFileType = wrapper.application; includeInIndex = 0; path = WBChat.app; sourceTree = BUILT_PRODUCTS_DIR; };
		E71C3BD42C41896F00E550C3 /* WBChatApp.swift */ = {isa = PBXFileReference; lastKnownFileType = sourcecode.swift; path = WBChatApp.swift; sourceTree = "<group>"; };
		E71C3BD82C41897100E550C3 /* Assets.xcassets */ = {isa = PBXFileReference; lastKnownFileType = folder.assetcatalog; path = Assets.xcassets; sourceTree = "<group>"; };
		E71C3BDB2C41897100E550C3 /* Preview Assets.xcassets */ = {isa = PBXFileReference; lastKnownFileType = folder.assetcatalog; path = "Preview Assets.xcassets"; sourceTree = "<group>"; };
		E74335EB2C624C600084F537 /* ChatList.swift */ = {isa = PBXFileReference; lastKnownFileType = sourcecode.swift; path = ChatList.swift; sourceTree = "<group>"; };
		E74335ED2C624DAA0084F537 /* ChatListStories.swift */ = {isa = PBXFileReference; lastKnownFileType = sourcecode.swift; path = ChatListStories.swift; sourceTree = "<group>"; };
		E74335EF2C624E090084F537 /* ChatListVIewModel.swift */ = {isa = PBXFileReference; lastKnownFileType = sourcecode.swift; path = ChatListVIewModel.swift; sourceTree = "<group>"; };
		E74335F12C625B5D0084F537 /* ChatStory.swift */ = {isa = PBXFileReference; lastKnownFileType = sourcecode.swift; path = ChatStory.swift; sourceTree = "<group>"; };
		E74335F42C6281CF0084F537 /* MessageBubbleShapeView.swift */ = {isa = PBXFileReference; lastKnownFileType = sourcecode.swift; path = MessageBubbleShapeView.swift; sourceTree = "<group>"; };
		E74335F62C62822C0084F537 /* MessageBubbleView.swift */ = {isa = PBXFileReference; lastKnownFileType = sourcecode.swift; path = MessageBubbleView.swift; sourceTree = "<group>"; };
		E74C5B3D2C60DE1600EDD7C5 /* ContactChatScreen.swift */ = {isa = PBXFileReference; lastKnownFileType = sourcecode.swift; path = ContactChatScreen.swift; sourceTree = "<group>"; };
		E74C5B3F2C60DE2500EDD7C5 /* ChatViewModel.swift */ = {isa = PBXFileReference; lastKnownFileType = sourcecode.swift; path = ChatViewModel.swift; sourceTree = "<group>"; };
		E74C5B422C60DE9900EDD7C5 /* CustomInputTextInChatView.swift */ = {isa = PBXFileReference; lastKnownFileType = sourcecode.swift; path = CustomInputTextInChatView.swift; sourceTree = "<group>"; };
		E74C5B492C6110FD00EDD7C5 /* Messages.swift */ = {isa = PBXFileReference; lastKnownFileType = sourcecode.swift; path = Messages.swift; sourceTree = "<group>"; };
		E74C5B4B2C61111F00EDD7C5 /* Attachment.swift */ = {isa = PBXFileReference; lastKnownFileType = sourcecode.swift; path = Attachment.swift; sourceTree = "<group>"; };
		E74C5B4D2C61113100EDD7C5 /* ChatErrors.swift */ = {isa = PBXFileReference; lastKnownFileType = sourcecode.swift; path = ChatErrors.swift; sourceTree = "<group>"; };
		E74C5B512C615C5400EDD7C5 /* Intractor.swift */ = {isa = PBXFileReference; lastKnownFileType = sourcecode.swift; path = Intractor.swift; sourceTree = "<group>"; };
		E74C5B542C615C7C00EDD7C5 /* IntractorProtocol.swift */ = {isa = PBXFileReference; lastKnownFileType = sourcecode.swift; path = IntractorProtocol.swift; sourceTree = "<group>"; };
		E74C5B572C615CE800EDD7C5 /* ChatData.swift */ = {isa = PBXFileReference; lastKnownFileType = sourcecode.swift; path = ChatData.swift; sourceTree = "<group>"; };
		E74C5B592C61633700EDD7C5 /* Lorem.swift */ = {isa = PBXFileReference; lastKnownFileType = sourcecode.swift; path = Lorem.swift; sourceTree = "<group>"; };
		E74C5B5C2C61636E00EDD7C5 /* Sequence+AsyncMap.swift */ = {isa = PBXFileReference; lastKnownFileType = sourcecode.swift; path = "Sequence+AsyncMap.swift"; sourceTree = "<group>"; };
		E74C5B5E2C61638F00EDD7C5 /* Date.swift */ = {isa = PBXFileReference; lastKnownFileType = sourcecode.swift; path = Date.swift; sourceTree = "<group>"; };
		E74C5B602C61767400EDD7C5 /* Info.plist */ = {isa = PBXFileReference; lastKnownFileType = text.plist; path = Info.plist; sourceTree = "<group>"; };
		E74C5B612C617BB800EDD7C5 /* CustomChatView.swift */ = {isa = PBXFileReference; lastKnownFileType = sourcecode.swift; path = CustomChatView.swift; sourceTree = "<group>"; };
		E7EB94D92C418AC6002E38DC /* DetailsScreen.swift */ = {isa = PBXFileReference; fileEncoding = 4; lastKnownFileType = sourcecode.swift; path = DetailsScreen.swift; sourceTree = "<group>"; };
		E7EB94DA2C418AC6002E38DC /* DetailsView.swift */ = {isa = PBXFileReference; fileEncoding = 4; lastKnownFileType = sourcecode.swift; path = DetailsView.swift; sourceTree = "<group>"; };
		E7EB94DB2C418AC6002E38DC /* SocialNetworkView.swift */ = {isa = PBXFileReference; fileEncoding = 4; lastKnownFileType = sourcecode.swift; path = SocialNetworkView.swift; sourceTree = "<group>"; };
		E7EB94DC2C418AC6002E38DC /* DetailsAvatarView.swift */ = {isa = PBXFileReference; fileEncoding = 4; lastKnownFileType = sourcecode.swift; path = DetailsAvatarView.swift; sourceTree = "<group>"; };
		E7EB94DE2C418AC6002E38DC /* ContactsScreen.swift */ = {isa = PBXFileReference; fileEncoding = 4; lastKnownFileType = sourcecode.swift; path = ContactsScreen.swift; sourceTree = "<group>"; };
		E7EB94E02C418AC6002E38DC /* ContactsRow.swift */ = {isa = PBXFileReference; fileEncoding = 4; lastKnownFileType = sourcecode.swift; path = ContactsRow.swift; sourceTree = "<group>"; };
		E7EB94E12C418AC6002E38DC /* AvatarView.swift */ = {isa = PBXFileReference; fileEncoding = 4; lastKnownFileType = sourcecode.swift; path = AvatarView.swift; sourceTree = "<group>"; };
		E7EB94E22C418AC6002E38DC /* WithoutAvatarView.swift */ = {isa = PBXFileReference; fileEncoding = 4; lastKnownFileType = sourcecode.swift; path = WithoutAvatarView.swift; sourceTree = "<group>"; };
		E7EB94E42C418AC6002E38DC /* CustomTabBarView.swift */ = {isa = PBXFileReference; fileEncoding = 4; lastKnownFileType = sourcecode.swift; path = CustomTabBarView.swift; sourceTree = "<group>"; };
		E7EB94E52C418AC6002E38DC /* TabBarIcons.swift */ = {isa = PBXFileReference; fileEncoding = 4; lastKnownFileType = sourcecode.swift; path = TabBarIcons.swift; sourceTree = "<group>"; };
		E7EB94E72C418AC6002E38DC /* NewContactView.swift */ = {isa = PBXFileReference; fileEncoding = 4; lastKnownFileType = sourcecode.swift; path = NewContactView.swift; sourceTree = "<group>"; };
		E7EB94E92C418AC6002E38DC /* ContactsModel.swift */ = {isa = PBXFileReference; fileEncoding = 4; lastKnownFileType = sourcecode.swift; path = ContactsModel.swift; sourceTree = "<group>"; };
		E7EB94EA2C418AC6002E38DC /* ContentView.swift */ = {isa = PBXFileReference; fileEncoding = 4; lastKnownFileType = sourcecode.swift; path = ContentView.swift; sourceTree = "<group>"; };
		E7EB94F92C418B0A002E38DC /* Router.swift */ = {isa = PBXFileReference; lastKnownFileType = sourcecode.swift; path = Router.swift; sourceTree = "<group>"; };
/* End PBXFileReference section */

/* Begin PBXFrameworksBuildPhase section */
		E71C3BCE2C41896F00E550C3 /* Frameworks */ = {
			isa = PBXFrameworksBuildPhase;
			buildActionMask = 2147483647;
			files = (
				E7150DF12C60280700C3DA75 /* ExyteChat in Frameworks */,
			);
			runOnlyForDeploymentPostprocessing = 0;
		};
/* End PBXFrameworksBuildPhase section */

/* Begin PBXGroup section */
		E71C3BC82C41896F00E550C3 = {
			isa = PBXGroup;
			children = (
				E71C3BD32C41896F00E550C3 /* WBChat */,
				E71C3BD22C41896F00E550C3 /* Products */,
			);
			sourceTree = "<group>";
		};
		E71C3BD22C41896F00E550C3 /* Products */ = {
			isa = PBXGroup;
			children = (
				E71C3BD12C41896F00E550C3 /* WBChat.app */,
			);
			name = Products;
			sourceTree = "<group>";
		};
		E71C3BD32C41896F00E550C3 /* WBChat */ = {
			isa = PBXGroup;
			children = (
				E74C5B602C61767400EDD7C5 /* Info.plist */,
				E71C3BD42C41896F00E550C3 /* WBChatApp.swift */,
				E7EB94EA2C418AC6002E38DC /* ContentView.swift */,
				E74C5B3C2C60DDF800EDD7C5 /* Chat */,
				E7EB94D82C418AC6002E38DC /* ContactDetails */,
				E7EB94DD2C418AC6002E38DC /* Contacts */,
				E7EB94E62C418AC6002E38DC /* AddANewContact */,
				E7EB94E32C418AC6002E38DC /* CustomTabBar */,
				E7EB94E82C418AC6002E38DC /* Model */,
				E7EB94F92C418B0A002E38DC /* Router.swift */,
				E71C3BD82C41897100E550C3 /* Assets.xcassets */,
				E71C3BDA2C41897100E550C3 /* Preview Content */,
			);
			path = WBChat;
			sourceTree = "<group>";
		};
		E71C3BDA2C41897100E550C3 /* Preview Content */ = {
			isa = PBXGroup;
			children = (
				E71C3BDB2C41897100E550C3 /* Preview Assets.xcassets */,
			);
			path = "Preview Content";
			sourceTree = "<group>";
		};
		E74335E92C624C290084F537 /* ChatList */ = {
			isa = PBXGroup;
			children = (
				E74335EB2C624C600084F537 /* ChatList.swift */,
				E74335ED2C624DAA0084F537 /* ChatListStories.swift */,
				E74335F12C625B5D0084F537 /* ChatStory.swift */,
				E74335EF2C624E090084F537 /* ChatListVIewModel.swift */,
			);
			path = ChatList;
			sourceTree = "<group>";
		};
		E74335EA2C624C320084F537 /* PersonChat */ = {
			isa = PBXGroup;
			children = (
				E74C5B3D2C60DE1600EDD7C5 /* ContactChatScreen.swift */,
				E74C5B422C60DE9900EDD7C5 /* CustomInputTextInChatView.swift */,
				E74335F32C6280C50084F537 /* CustomChatView */,
			);
			path = PersonChat;
			sourceTree = "<group>";
		};
		E74335F32C6280C50084F537 /* CustomChatView */ = {
			isa = PBXGroup;
			children = (
				E74C5B612C617BB800EDD7C5 /* CustomChatView.swift */,
				E74335F62C62822C0084F537 /* MessageBubbleView.swift */,
				E74335F42C6281CF0084F537 /* MessageBubbleShapeView.swift */,
			);
			path = CustomChatView;
			sourceTree = "<group>";
		};
		E74C5B3C2C60DDF800EDD7C5 /* Chat */ = {
			isa = PBXGroup;
			children = (
				E74C5B482C610F4200EDD7C5 /* Model */,
				E74C5B472C610F3900EDD7C5 /* ViewModel */,
				E74C5B412C60DE8000EDD7C5 /* Views */,
				E74C5B5B2C61635C00EDD7C5 /* Extentions */,
			);
			path = Chat;
			sourceTree = "<group>";
		};
		E74C5B412C60DE8000EDD7C5 /* Views */ = {
			isa = PBXGroup;
			children = (
				E74335E92C624C290084F537 /* ChatList */,
				E74335EA2C624C320084F537 /* PersonChat */,
			);
			path = Views;
			sourceTree = "<group>";
		};
		E74C5B472C610F3900EDD7C5 /* ViewModel */ = {
			isa = PBXGroup;
			children = (
				E74C5B3F2C60DE2500EDD7C5 /* ChatViewModel.swift */,
				E74C5B562C615CD700EDD7C5 /* ChatData */,
				E74C5B532C615C6B00EDD7C5 /* IntractorGroup */,
			);
			path = ViewModel;
			sourceTree = "<group>";
		};
		E74C5B482C610F4200EDD7C5 /* Model */ = {
			isa = PBXGroup;
			children = (
				E74C5B492C6110FD00EDD7C5 /* Messages.swift */,
				E74C5B4B2C61111F00EDD7C5 /* Attachment.swift */,
				E74C5B4D2C61113100EDD7C5 /* ChatErrors.swift */,
			);
			path = Model;
			sourceTree = "<group>";
		};
		E74C5B532C615C6B00EDD7C5 /* IntractorGroup */ = {
			isa = PBXGroup;
			children = (
				E74C5B512C615C5400EDD7C5 /* Intractor.swift */,
				E74C5B542C615C7C00EDD7C5 /* IntractorProtocol.swift */,
			);
			path = IntractorGroup;
			sourceTree = "<group>";
		};
		E74C5B562C615CD700EDD7C5 /* ChatData */ = {
			isa = PBXGroup;
			children = (
				E74C5B572C615CE800EDD7C5 /* ChatData.swift */,
				E74C5B592C61633700EDD7C5 /* Lorem.swift */,
			);
			path = ChatData;
			sourceTree = "<group>";
		};
		E74C5B5B2C61635C00EDD7C5 /* Extentions */ = {
			isa = PBXGroup;
			children = (
				E74C5B5C2C61636E00EDD7C5 /* Sequence+AsyncMap.swift */,
				E74C5B5E2C61638F00EDD7C5 /* Date.swift */,
			);
			path = Extentions;
			sourceTree = "<group>";
		};
		E7EB94D82C418AC6002E38DC /* ContactDetails */ = {
			isa = PBXGroup;
			children = (
				E7EB94D92C418AC6002E38DC /* DetailsScreen.swift */,
				E7EB94DA2C418AC6002E38DC /* DetailsView.swift */,
				E7EB94DB2C418AC6002E38DC /* SocialNetworkView.swift */,
				E7EB94DC2C418AC6002E38DC /* DetailsAvatarView.swift */,
			);
			path = ContactDetails;
			sourceTree = "<group>";
		};
		E7EB94DD2C418AC6002E38DC /* Contacts */ = {
			isa = PBXGroup;
			children = (
				E7EB94DE2C418AC6002E38DC /* ContactsScreen.swift */,
				E7EB94DF2C418AC6002E38DC /* Views */,
			);
			path = Contacts;
			sourceTree = "<group>";
		};
		E7EB94DF2C418AC6002E38DC /* Views */ = {
			isa = PBXGroup;
			children = (
				E7EB94E02C418AC6002E38DC /* ContactsRow.swift */,
				E7EB94E12C418AC6002E38DC /* AvatarView.swift */,
				E7EB94E22C418AC6002E38DC /* WithoutAvatarView.swift */,
			);
			path = Views;
			sourceTree = "<group>";
		};
		E7EB94E32C418AC6002E38DC /* CustomTabBar */ = {
			isa = PBXGroup;
			children = (
				E7EB94E42C418AC6002E38DC /* CustomTabBarView.swift */,
				E7EB94E52C418AC6002E38DC /* TabBarIcons.swift */,
			);
			path = CustomTabBar;
			sourceTree = "<group>";
		};
		E7EB94E62C418AC6002E38DC /* AddANewContact */ = {
			isa = PBXGroup;
			children = (
				E7EB94E72C418AC6002E38DC /* NewContactView.swift */,
			);
			path = AddANewContact;
			sourceTree = "<group>";
		};
		E7EB94E82C418AC6002E38DC /* Model */ = {
			isa = PBXGroup;
			children = (
				E7EB94E92C418AC6002E38DC /* ContactsModel.swift */,
			);
			path = Model;
			sourceTree = "<group>";
		};
/* End PBXGroup section */

/* Begin PBXNativeTarget section */
		E71C3BD02C41896F00E550C3 /* WBChat */ = {
			isa = PBXNativeTarget;
			buildConfigurationList = E71C3BDF2C41897100E550C3 /* Build configuration list for PBXNativeTarget "WBChat" */;
			buildPhases = (
				E71C3BCD2C41896F00E550C3 /* Sources */,
				E71C3BCE2C41896F00E550C3 /* Frameworks */,
				E71C3BCF2C41896F00E550C3 /* Resources */,
			);
			buildRules = (
			);
			dependencies = (
			);
			name = WBChat;
			packageProductDependencies = (
				E7150DF02C60280700C3DA75 /* ExyteChat */,
			);
			productName = WBChat;
			productReference = E71C3BD12C41896F00E550C3 /* WBChat.app */;
			productType = "com.apple.product-type.application";
		};
/* End PBXNativeTarget section */

/* Begin PBXProject section */
		E71C3BC92C41896F00E550C3 /* Project object */ = {
			isa = PBXProject;
			attributes = {
				BuildIndependentTargetsInParallel = 1;
				LastSwiftUpdateCheck = 1420;
				LastUpgradeCheck = 1420;
				TargetAttributes = {
					E71C3BD02C41896F00E550C3 = {
						CreatedOnToolsVersion = 14.2;
					};
				};
			};
			buildConfigurationList = E71C3BCC2C41896F00E550C3 /* Build configuration list for PBXProject "WBChat" */;
			compatibilityVersion = "Xcode 14.0";
			developmentRegion = en;
			hasScannedForEncodings = 0;
			knownRegions = (
				en,
				Base,
			);
			mainGroup = E71C3BC82C41896F00E550C3;
			packageReferences = (
				E7150DEF2C60280700C3DA75 /* XCRemoteSwiftPackageReference "Chat" */,
			);
			productRefGroup = E71C3BD22C41896F00E550C3 /* Products */;
			projectDirPath = "";
			projectRoot = "";
			targets = (
				E71C3BD02C41896F00E550C3 /* WBChat */,
			);
		};
/* End PBXProject section */

/* Begin PBXResourcesBuildPhase section */
		E71C3BCF2C41896F00E550C3 /* Resources */ = {
			isa = PBXResourcesBuildPhase;
			buildActionMask = 2147483647;
			files = (
				E71C3BDC2C41897100E550C3 /* Preview Assets.xcassets in Resources */,
				E71C3BD92C41897100E550C3 /* Assets.xcassets in Resources */,
			);
			runOnlyForDeploymentPostprocessing = 0;
		};
/* End PBXResourcesBuildPhase section */

/* Begin PBXSourcesBuildPhase section */
		E71C3BCD2C41896F00E550C3 /* Sources */ = {
			isa = PBXSourcesBuildPhase;
			buildActionMask = 2147483647;
			files = (
				E74C5B4A2C6110FD00EDD7C5 /* Messages.swift in Sources */,
				E7EB94EF2C418AC6002E38DC /* ContactsScreen.swift in Sources */,
				E7EB94EE2C418AC6002E38DC /* DetailsAvatarView.swift in Sources */,
				E74C5B582C615CE800EDD7C5 /* ChatData.swift in Sources */,
				E74335F72C62822C0084F537 /* MessageBubbleView.swift in Sources */,
				E74C5B5D2C61636E00EDD7C5 /* Sequence+AsyncMap.swift in Sources */,
				E7EB94F02C418AC6002E38DC /* ContactsRow.swift in Sources */,
				E74C5B4C2C61111F00EDD7C5 /* Attachment.swift in Sources */,
				E74335EC2C624C600084F537 /* ChatList.swift in Sources */,
				E74C5B5A2C61633700EDD7C5 /* Lorem.swift in Sources */,
				E7EB94F42C418AC6002E38DC /* TabBarIcons.swift in Sources */,
				E74C5B622C617BB800EDD7C5 /* CustomChatView.swift in Sources */,
				E74335F22C625B5D0084F537 /* ChatStory.swift in Sources */,
				E7EB94EC2C418AC6002E38DC /* DetailsView.swift in Sources */,
				E7EB94F62C418AC6002E38DC /* ContactsModel.swift in Sources */,
				E74335EE2C624DAA0084F537 /* ChatListStories.swift in Sources */,
				E74C5B402C60DE2500EDD7C5 /* ChatViewModel.swift in Sources */,
				E7EB94EB2C418AC6002E38DC /* DetailsScreen.swift in Sources */,
				E7EB94FA2C418B0A002E38DC /* Router.swift in Sources */,
				E74335F02C624E090084F537 /* ChatListVIewModel.swift in Sources */,
				E71C3BD52C41896F00E550C3 /* WBChatApp.swift in Sources */,
				E74335F52C6281CF0084F537 /* MessageBubbleShapeView.swift in Sources */,
				E7EB94F12C418AC6002E38DC /* AvatarView.swift in Sources */,
				E7EB94F22C418AC6002E38DC /* WithoutAvatarView.swift in Sources */,
				E74C5B522C615C5400EDD7C5 /* Intractor.swift in Sources */,
				E7EB94ED2C418AC6002E38DC /* SocialNetworkView.swift in Sources */,
				E74C5B432C60DE9900EDD7C5 /* CustomInputTextInChatView.swift in Sources */,
				E7EB94F72C418AC6002E38DC /* ContentView.swift in Sources */,
				E74C5B552C615C7C00EDD7C5 /* IntractorProtocol.swift in Sources */,
				E7EB94F52C418AC6002E38DC /* NewContactView.swift in Sources */,
				E74C5B4E2C61113100EDD7C5 /* ChatErrors.swift in Sources */,
				E74C5B3E2C60DE1600EDD7C5 /* ContactChatScreen.swift in Sources */,
				E74C5B5F2C61638F00EDD7C5 /* Date.swift in Sources */,
				E7EB94F32C418AC6002E38DC /* CustomTabBarView.swift in Sources */,
			);
			runOnlyForDeploymentPostprocessing = 0;
		};
/* End PBXSourcesBuildPhase section */

/* Begin XCBuildConfiguration section */
		E71C3BDD2C41897100E550C3 /* Debug */ = {
			isa = XCBuildConfiguration;
			buildSettings = {
				ALWAYS_SEARCH_USER_PATHS = NO;
				CLANG_ANALYZER_NONNULL = YES;
				CLANG_ANALYZER_NUMBER_OBJECT_CONVERSION = YES_AGGRESSIVE;
				CLANG_CXX_LANGUAGE_STANDARD = "gnu++20";
				CLANG_ENABLE_MODULES = YES;
				CLANG_ENABLE_OBJC_ARC = YES;
				CLANG_ENABLE_OBJC_WEAK = YES;
				CLANG_WARN_BLOCK_CAPTURE_AUTORELEASING = YES;
				CLANG_WARN_BOOL_CONVERSION = YES;
				CLANG_WARN_COMMA = YES;
				CLANG_WARN_CONSTANT_CONVERSION = YES;
				CLANG_WARN_DEPRECATED_OBJC_IMPLEMENTATIONS = YES;
				CLANG_WARN_DIRECT_OBJC_ISA_USAGE = YES_ERROR;
				CLANG_WARN_DOCUMENTATION_COMMENTS = YES;
				CLANG_WARN_EMPTY_BODY = YES;
				CLANG_WARN_ENUM_CONVERSION = YES;
				CLANG_WARN_INFINITE_RECURSION = YES;
				CLANG_WARN_INT_CONVERSION = YES;
				CLANG_WARN_NON_LITERAL_NULL_CONVERSION = YES;
				CLANG_WARN_OBJC_IMPLICIT_RETAIN_SELF = YES;
				CLANG_WARN_OBJC_LITERAL_CONVERSION = YES;
				CLANG_WARN_OBJC_ROOT_CLASS = YES_ERROR;
				CLANG_WARN_QUOTED_INCLUDE_IN_FRAMEWORK_HEADER = YES;
				CLANG_WARN_RANGE_LOOP_ANALYSIS = YES;
				CLANG_WARN_STRICT_PROTOTYPES = YES;
				CLANG_WARN_SUSPICIOUS_MOVE = YES;
				CLANG_WARN_UNGUARDED_AVAILABILITY = YES_AGGRESSIVE;
				CLANG_WARN_UNREACHABLE_CODE = YES;
				CLANG_WARN__DUPLICATE_METHOD_MATCH = YES;
				COPY_PHASE_STRIP = NO;
				DEBUG_INFORMATION_FORMAT = dwarf;
				ENABLE_STRICT_OBJC_MSGSEND = YES;
				ENABLE_TESTABILITY = YES;
				GCC_C_LANGUAGE_STANDARD = gnu11;
				GCC_DYNAMIC_NO_PIC = NO;
				GCC_NO_COMMON_BLOCKS = YES;
				GCC_OPTIMIZATION_LEVEL = 0;
				GCC_PREPROCESSOR_DEFINITIONS = (
					"DEBUG=1",
					"$(inherited)",
				);
				GCC_WARN_64_TO_32_BIT_CONVERSION = YES;
				GCC_WARN_ABOUT_RETURN_TYPE = YES_ERROR;
				GCC_WARN_UNDECLARED_SELECTOR = YES;
				GCC_WARN_UNINITIALIZED_AUTOS = YES_AGGRESSIVE;
				GCC_WARN_UNUSED_FUNCTION = YES;
				GCC_WARN_UNUSED_VARIABLE = YES;
				IPHONEOS_DEPLOYMENT_TARGET = 16.2;
				MTL_ENABLE_DEBUG_INFO = INCLUDE_SOURCE;
				MTL_FAST_MATH = YES;
				ONLY_ACTIVE_ARCH = YES;
				SDKROOT = iphoneos;
				SWIFT_ACTIVE_COMPILATION_CONDITIONS = DEBUG;
				SWIFT_OPTIMIZATION_LEVEL = "-Onone";
			};
			name = Debug;
		};
		E71C3BDE2C41897100E550C3 /* Release */ = {
			isa = XCBuildConfiguration;
			buildSettings = {
				ALWAYS_SEARCH_USER_PATHS = NO;
				CLANG_ANALYZER_NONNULL = YES;
				CLANG_ANALYZER_NUMBER_OBJECT_CONVERSION = YES_AGGRESSIVE;
				CLANG_CXX_LANGUAGE_STANDARD = "gnu++20";
				CLANG_ENABLE_MODULES = YES;
				CLANG_ENABLE_OBJC_ARC = YES;
				CLANG_ENABLE_OBJC_WEAK = YES;
				CLANG_WARN_BLOCK_CAPTURE_AUTORELEASING = YES;
				CLANG_WARN_BOOL_CONVERSION = YES;
				CLANG_WARN_COMMA = YES;
				CLANG_WARN_CONSTANT_CONVERSION = YES;
				CLANG_WARN_DEPRECATED_OBJC_IMPLEMENTATIONS = YES;
				CLANG_WARN_DIRECT_OBJC_ISA_USAGE = YES_ERROR;
				CLANG_WARN_DOCUMENTATION_COMMENTS = YES;
				CLANG_WARN_EMPTY_BODY = YES;
				CLANG_WARN_ENUM_CONVERSION = YES;
				CLANG_WARN_INFINITE_RECURSION = YES;
				CLANG_WARN_INT_CONVERSION = YES;
				CLANG_WARN_NON_LITERAL_NULL_CONVERSION = YES;
				CLANG_WARN_OBJC_IMPLICIT_RETAIN_SELF = YES;
				CLANG_WARN_OBJC_LITERAL_CONVERSION = YES;
				CLANG_WARN_OBJC_ROOT_CLASS = YES_ERROR;
				CLANG_WARN_QUOTED_INCLUDE_IN_FRAMEWORK_HEADER = YES;
				CLANG_WARN_RANGE_LOOP_ANALYSIS = YES;
				CLANG_WARN_STRICT_PROTOTYPES = YES;
				CLANG_WARN_SUSPICIOUS_MOVE = YES;
				CLANG_WARN_UNGUARDED_AVAILABILITY = YES_AGGRESSIVE;
				CLANG_WARN_UNREACHABLE_CODE = YES;
				CLANG_WARN__DUPLICATE_METHOD_MATCH = YES;
				COPY_PHASE_STRIP = NO;
				DEBUG_INFORMATION_FORMAT = "dwarf-with-dsym";
				ENABLE_NS_ASSERTIONS = NO;
				ENABLE_STRICT_OBJC_MSGSEND = YES;
				GCC_C_LANGUAGE_STANDARD = gnu11;
				GCC_NO_COMMON_BLOCKS = YES;
				GCC_WARN_64_TO_32_BIT_CONVERSION = YES;
				GCC_WARN_ABOUT_RETURN_TYPE = YES_ERROR;
				GCC_WARN_UNDECLARED_SELECTOR = YES;
				GCC_WARN_UNINITIALIZED_AUTOS = YES_AGGRESSIVE;
				GCC_WARN_UNUSED_FUNCTION = YES;
				GCC_WARN_UNUSED_VARIABLE = YES;
				IPHONEOS_DEPLOYMENT_TARGET = 16.2;
				MTL_ENABLE_DEBUG_INFO = NO;
				MTL_FAST_MATH = YES;
				SDKROOT = iphoneos;
				SWIFT_COMPILATION_MODE = wholemodule;
				SWIFT_OPTIMIZATION_LEVEL = "-O";
				VALIDATE_PRODUCT = YES;
			};
			name = Release;
		};
		E71C3BE02C41897100E550C3 /* Debug */ = {
			isa = XCBuildConfiguration;
			buildSettings = {
				ASSETCATALOG_COMPILER_APPICON_NAME = AppIcon;
				ASSETCATALOG_COMPILER_GLOBAL_ACCENT_COLOR_NAME = AccentColor;
				CODE_SIGN_STYLE = Automatic;
				CURRENT_PROJECT_VERSION = 1;
				DEVELOPMENT_ASSET_PATHS = "\"WBChat/Preview Content\"";
				ENABLE_PREVIEWS = YES;
				GENERATE_INFOPLIST_FILE = YES;
				INFOPLIST_FILE = WBChat/Info.plist;
				INFOPLIST_KEY_UIApplicationSceneManifest_Generation = YES;
				INFOPLIST_KEY_UIApplicationSupportsIndirectInputEvents = YES;
				INFOPLIST_KEY_UILaunchScreen_Generation = YES;
				INFOPLIST_KEY_UISupportedInterfaceOrientations_iPad = "UIInterfaceOrientationPortrait UIInterfaceOrientationPortraitUpsideDown UIInterfaceOrientationLandscapeLeft UIInterfaceOrientationLandscapeRight";
				INFOPLIST_KEY_UISupportedInterfaceOrientations_iPhone = "UIInterfaceOrientationPortrait UIInterfaceOrientationLandscapeLeft UIInterfaceOrientationLandscapeRight";
				LD_RUNPATH_SEARCH_PATHS = (
					"$(inherited)",
					"@executable_path/Frameworks",
				);
				MARKETING_VERSION = 1.0;
				PRODUCT_BUNDLE_IDENTIFIER = "-2121.WBChat";
				PRODUCT_NAME = "$(TARGET_NAME)";
				SWIFT_EMIT_LOC_STRINGS = YES;
				SWIFT_VERSION = 5.0;
				TARGETED_DEVICE_FAMILY = "1,2";
			};
			name = Debug;
		};
		E71C3BE12C41897100E550C3 /* Release */ = {
			isa = XCBuildConfiguration;
			buildSettings = {
				ASSETCATALOG_COMPILER_APPICON_NAME = AppIcon;
				ASSETCATALOG_COMPILER_GLOBAL_ACCENT_COLOR_NAME = AccentColor;
				CODE_SIGN_STYLE = Automatic;
				CURRENT_PROJECT_VERSION = 1;
				DEVELOPMENT_ASSET_PATHS = "\"WBChat/Preview Content\"";
				ENABLE_PREVIEWS = YES;
				GENERATE_INFOPLIST_FILE = YES;
				INFOPLIST_FILE = WBChat/Info.plist;
				INFOPLIST_KEY_UIApplicationSceneManifest_Generation = YES;
				INFOPLIST_KEY_UIApplicationSupportsIndirectInputEvents = YES;
				INFOPLIST_KEY_UILaunchScreen_Generation = YES;
				INFOPLIST_KEY_UISupportedInterfaceOrientations_iPad = "UIInterfaceOrientationPortrait UIInterfaceOrientationPortraitUpsideDown UIInterfaceOrientationLandscapeLeft UIInterfaceOrientationLandscapeRight";
				INFOPLIST_KEY_UISupportedInterfaceOrientations_iPhone = "UIInterfaceOrientationPortrait UIInterfaceOrientationLandscapeLeft UIInterfaceOrientationLandscapeRight";
				LD_RUNPATH_SEARCH_PATHS = (
					"$(inherited)",
					"@executable_path/Frameworks",
				);
				MARKETING_VERSION = 1.0;
				PRODUCT_BUNDLE_IDENTIFIER = "-2121.WBChat";
				PRODUCT_NAME = "$(TARGET_NAME)";
				SWIFT_EMIT_LOC_STRINGS = YES;
				SWIFT_VERSION = 5.0;
				TARGETED_DEVICE_FAMILY = "1,2";
			};
			name = Release;
		};
/* End XCBuildConfiguration section */

/* Begin XCConfigurationList section */
		E71C3BCC2C41896F00E550C3 /* Build configuration list for PBXProject "WBChat" */ = {
			isa = XCConfigurationList;
			buildConfigurations = (
				E71C3BDD2C41897100E550C3 /* Debug */,
				E71C3BDE2C41897100E550C3 /* Release */,
			);
			defaultConfigurationIsVisible = 0;
			defaultConfigurationName = Release;
		};
		E71C3BDF2C41897100E550C3 /* Build configuration list for PBXNativeTarget "WBChat" */ = {
			isa = XCConfigurationList;
			buildConfigurations = (
				E71C3BE02C41897100E550C3 /* Debug */,
				E71C3BE12C41897100E550C3 /* Release */,
			);
			defaultConfigurationIsVisible = 0;
			defaultConfigurationName = Release;
		};
/* End XCConfigurationList section */

/* Begin XCRemoteSwiftPackageReference section */
		E7150DEF2C60280700C3DA75 /* XCRemoteSwiftPackageReference "Chat" */ = {
			isa = XCRemoteSwiftPackageReference;
			repositoryURL = "https://github.com/exyte/Chat.git";
			requirement = {
				kind = upToNextMinorVersion;
				minimumVersion = 1.1.1;
			};
		};
/* End XCRemoteSwiftPackageReference section */

/* Begin XCSwiftPackageProductDependency section */
		E7150DF02C60280700C3DA75 /* ExyteChat */ = {
			isa = XCSwiftPackageProductDependency;
			package = E7150DEF2C60280700C3DA75 /* XCRemoteSwiftPackageReference "Chat" */;
			productName = ExyteChat;
		};
/* End XCSwiftPackageProductDependency section */
	};
	rootObject = E71C3BC92C41896F00E550C3 /* Project object */;
}
