// !$*UTF8*$!
{
	archiveVersion = 1;
	classes = {
	};
	objectVersion = 56;
	objects = {

/* Begin PBXBuildFile section */
		E71C13CC2C4FDB4E007A1D5E /* Router.swift in Sources */ = {isa = PBXBuildFile; fileRef = E71C13CB2C4FDB4E007A1D5E /* Router.swift */; };
		E71C13CE2C4FDC53007A1D5E /* ContactsViewModel.swift in Sources */ = {isa = PBXBuildFile; fileRef = E71C13CD2C4FDC53007A1D5E /* ContactsViewModel.swift */; };
		E71C13D02C4FDC72007A1D5E /* ContactsView.swift in Sources */ = {isa = PBXBuildFile; fileRef = E71C13CF2C4FDC72007A1D5E /* ContactsView.swift */; };
		E71C13D52C4FDCA7007A1D5E /* AddNewContactView.swift in Sources */ = {isa = PBXBuildFile; fileRef = E71C13D42C4FDCA7007A1D5E /* AddNewContactView.swift */; };
		E71C13DD2C4FDD9F007A1D5E /* UserModel.swift in Sources */ = {isa = PBXBuildFile; fileRef = E71C13DC2C4FDD9F007A1D5E /* UserModel.swift */; };
		E71C13DF2C4FE019007A1D5E /* ContactRow.swift in Sources */ = {isa = PBXBuildFile; fileRef = E71C13DE2C4FE019007A1D5E /* ContactRow.swift */; };
		E71C13E12C4FF336007A1D5E /* ContactDetailView.swift in Sources */ = {isa = PBXBuildFile; fileRef = E71C13E02C4FF336007A1D5E /* ContactDetailView.swift */; };
		E71C13E92C50374A007A1D5E /* ContactsSingletonView.swift in Sources */ = {isa = PBXBuildFile; fileRef = E71C13E82C50374A007A1D5E /* ContactsSingletonView.swift */; };
		E71C13EB2C5038B0007A1D5E /* Singleton.swift in Sources */ = {isa = PBXBuildFile; fileRef = E71C13EA2C5038B0007A1D5E /* Singleton.swift */; };
		E71C13EF2C503F62007A1D5E /* AddNewContactSingletonView.swift in Sources */ = {isa = PBXBuildFile; fileRef = E71C13EE2C503F62007A1D5E /* AddNewContactSingletonView.swift */; };
		E71C3BD52C41896F00E550C3 /* WBChatApp.swift in Sources */ = {isa = PBXBuildFile; fileRef = E71C3BD42C41896F00E550C3 /* WBChatApp.swift */; };
		E71C3BD72C41896F00E550C3 /* ContentView.swift in Sources */ = {isa = PBXBuildFile; fileRef = E71C3BD62C41896F00E550C3 /* ContentView.swift */; };
		E71C3BD92C41897100E550C3 /* Assets.xcassets in Resources */ = {isa = PBXBuildFile; fileRef = E71C3BD82C41897100E550C3 /* Assets.xcassets */; };
		E71C3BDC2C41897100E550C3 /* Preview Assets.xcassets in Resources */ = {isa = PBXBuildFile; fileRef = E71C3BDB2C41897100E550C3 /* Preview Assets.xcassets */; };
/* End PBXBuildFile section */

/* Begin PBXFileReference section */
		E71C13CB2C4FDB4E007A1D5E /* Router.swift */ = {isa = PBXFileReference; lastKnownFileType = sourcecode.swift; path = Router.swift; sourceTree = "<group>"; };
		E71C13CD2C4FDC53007A1D5E /* ContactsViewModel.swift */ = {isa = PBXFileReference; lastKnownFileType = sourcecode.swift; path = ContactsViewModel.swift; sourceTree = "<group>"; };
		E71C13CF2C4FDC72007A1D5E /* ContactsView.swift */ = {isa = PBXFileReference; lastKnownFileType = sourcecode.swift; path = ContactsView.swift; sourceTree = "<group>"; };
		E71C13D42C4FDCA7007A1D5E /* AddNewContactView.swift */ = {isa = PBXFileReference; lastKnownFileType = sourcecode.swift; path = AddNewContactView.swift; sourceTree = "<group>"; };
		E71C13DC2C4FDD9F007A1D5E /* UserModel.swift */ = {isa = PBXFileReference; lastKnownFileType = sourcecode.swift; path = UserModel.swift; sourceTree = "<group>"; };
		E71C13DE2C4FE019007A1D5E /* ContactRow.swift */ = {isa = PBXFileReference; lastKnownFileType = sourcecode.swift; path = ContactRow.swift; sourceTree = "<group>"; };
		E71C13E02C4FF336007A1D5E /* ContactDetailView.swift */ = {isa = PBXFileReference; lastKnownFileType = sourcecode.swift; path = ContactDetailView.swift; sourceTree = "<group>"; };
		E71C13E82C50374A007A1D5E /* ContactsSingletonView.swift */ = {isa = PBXFileReference; lastKnownFileType = sourcecode.swift; path = ContactsSingletonView.swift; sourceTree = "<group>"; };
		E71C13EA2C5038B0007A1D5E /* Singleton.swift */ = {isa = PBXFileReference; lastKnownFileType = sourcecode.swift; path = Singleton.swift; sourceTree = "<group>"; };
		E71C13EE2C503F62007A1D5E /* AddNewContactSingletonView.swift */ = {isa = PBXFileReference; lastKnownFileType = sourcecode.swift; path = AddNewContactSingletonView.swift; sourceTree = "<group>"; };
		E71C3BD12C41896F00E550C3 /* WBChat.app */ = {isa = PBXFileReference; explicitFileType = wrapper.application; includeInIndex = 0; path = WBChat.app; sourceTree = BUILT_PRODUCTS_DIR; };
		E71C3BD42C41896F00E550C3 /* WBChatApp.swift */ = {isa = PBXFileReference; lastKnownFileType = sourcecode.swift; path = WBChatApp.swift; sourceTree = "<group>"; };
		E71C3BD62C41896F00E550C3 /* ContentView.swift */ = {isa = PBXFileReference; lastKnownFileType = sourcecode.swift; path = ContentView.swift; sourceTree = "<group>"; };
		E71C3BD82C41897100E550C3 /* Assets.xcassets */ = {isa = PBXFileReference; lastKnownFileType = folder.assetcatalog; path = Assets.xcassets; sourceTree = "<group>"; };
		E71C3BDB2C41897100E550C3 /* Preview Assets.xcassets */ = {isa = PBXFileReference; lastKnownFileType = folder.assetcatalog; path = "Preview Assets.xcassets"; sourceTree = "<group>"; };
/* End PBXFileReference section */

/* Begin PBXFrameworksBuildPhase section */
		E71C3BCE2C41896F00E550C3 /* Frameworks */ = {
			isa = PBXFrameworksBuildPhase;
			buildActionMask = 2147483647;
			files = (
			);
			runOnlyForDeploymentPostprocessing = 0;
		};
/* End PBXFrameworksBuildPhase section */

/* Begin PBXGroup section */
		E71C13C72C4FD7BC007A1D5E /* Contacts */ = {
			isa = PBXGroup;
			children = (
				E71C13C82C4FD7C5007A1D5E /* View */,
			);
			path = Contacts;
			sourceTree = "<group>";
		};
		E71C13C82C4FD7C5007A1D5E /* View */ = {
			isa = PBXGroup;
			children = (
				E71C13CF2C4FDC72007A1D5E /* ContactsView.swift */,
				E71C13DE2C4FE019007A1D5E /* ContactRow.swift */,
			);
			path = View;
			sourceTree = "<group>";
		};
		E71C13C92C4FD7CD007A1D5E /* ViewModel */ = {
			isa = PBXGroup;
			children = (
				E71C13CD2C4FDC53007A1D5E /* ContactsViewModel.swift */,
			);
			path = ViewModel;
			sourceTree = "<group>";
		};
		E71C13CA2C4FDB41007A1D5E /* Navigation */ = {
			isa = PBXGroup;
			children = (
				E71C13CB2C4FDB4E007A1D5E /* Router.swift */,
			);
			path = Navigation;
			sourceTree = "<group>";
		};
		E71C13D22C4FDC88007A1D5E /* AddNewContact */ = {
			isa = PBXGroup;
			children = (
				E71C13D32C4FDC9A007A1D5E /* Views */,
			);
			path = AddNewContact;
			sourceTree = "<group>";
		};
		E71C13D32C4FDC9A007A1D5E /* Views */ = {
			isa = PBXGroup;
			children = (
				E71C13E02C4FF336007A1D5E /* ContactDetailView.swift */,
				E71C13D42C4FDCA7007A1D5E /* AddNewContactView.swift */,
			);
			path = Views;
			sourceTree = "<group>";
		};
		E71C13DB2C4FDD93007A1D5E /* Models */ = {
			isa = PBXGroup;
			children = (
				E71C13DC2C4FDD9F007A1D5E /* UserModel.swift */,
			);
			path = Models;
			sourceTree = "<group>";
		};
		E71C13E22C503635007A1D5E /* Observed */ = {
			isa = PBXGroup;
			children = (
				E71C13C92C4FD7CD007A1D5E /* ViewModel */,
				E71C13D22C4FDC88007A1D5E /* AddNewContact */,
				E71C13C72C4FD7BC007A1D5E /* Contacts */,
			);
			path = Observed;
			sourceTree = "<group>";
		};
		E71C13E32C50365A007A1D5E /* Singleton */ = {
			isa = PBXGroup;
			children = (
				E71C13E42C5036FB007A1D5E /* Contacts */,
				E71C13E52C503704007A1D5E /* AddNewContact */,
				E71C13EA2C5038B0007A1D5E /* Singleton.swift */,
			);
			path = Singleton;
			sourceTree = "<group>";
		};
		E71C13E42C5036FB007A1D5E /* Contacts */ = {
			isa = PBXGroup;
			children = (
				E71C13E82C50374A007A1D5E /* ContactsSingletonView.swift */,
			);
			path = Contacts;
			sourceTree = "<group>";
		};
		E71C13E52C503704007A1D5E /* AddNewContact */ = {
			isa = PBXGroup;
			children = (
				E71C13EE2C503F62007A1D5E /* AddNewContactSingletonView.swift */,
			);
			path = AddNewContact;
			sourceTree = "<group>";
		};
		E71C3BC82C41896F00E550C3 = {
			isa = PBXGroup;
			children = (
				E71C3BD32C41896F00E550C3 /* WBChat */,
				E71C3BD22C41896F00E550C3 /* Products */,
			);
			sourceTree = "<group>";
		};
		E71C3BD22C41896F00E550C3 /* Products */ = {
			isa = PBXGroup;
			children = (
				E71C3BD12C41896F00E550C3 /* WBChat.app */,
			);
			name = Products;
			sourceTree = "<group>";
		};
		E71C3BD32C41896F00E550C3 /* WBChat */ = {
			isa = PBXGroup;
			children = (
				E71C3BD42C41896F00E550C3 /* WBChatApp.swift */,
				E71C3BD62C41896F00E550C3 /* ContentView.swift */,
				E71C13E32C50365A007A1D5E /* Singleton */,
				E71C13E22C503635007A1D5E /* Observed */,
				E71C13DB2C4FDD93007A1D5E /* Models */,
				E71C13CA2C4FDB41007A1D5E /* Navigation */,
				E71C3BD82C41897100E550C3 /* Assets.xcassets */,
				E71C3BDA2C41897100E550C3 /* Preview Content */,
			);
			path = WBChat;
			sourceTree = "<group>";
		};
		E71C3BDA2C41897100E550C3 /* Preview Content */ = {
			isa = PBXGroup;
			children = (
				E71C3BDB2C41897100E550C3 /* Preview Assets.xcassets */,
			);
			path = "Preview Content";
			sourceTree = "<group>";
		};
/* End PBXGroup section */

/* Begin PBXNativeTarget section */
		E71C3BD02C41896F00E550C3 /* WBChat */ = {
			isa = PBXNativeTarget;
			buildConfigurationList = E71C3BDF2C41897100E550C3 /* Build configuration list for PBXNativeTarget "WBChat" */;
			buildPhases = (
				E71C3BCD2C41896F00E550C3 /* Sources */,
				E71C3BCE2C41896F00E550C3 /* Frameworks */,
				E71C3BCF2C41896F00E550C3 /* Resources */,
			);
			buildRules = (
			);
			dependencies = (
			);
			name = WBChat;
			productName = WBChat;
			productReference = E71C3BD12C41896F00E550C3 /* WBChat.app */;
			productType = "com.apple.product-type.application";
		};
/* End PBXNativeTarget section */

/* Begin PBXProject section */
		E71C3BC92C41896F00E550C3 /* Project object */ = {
			isa = PBXProject;
			attributes = {
				BuildIndependentTargetsInParallel = 1;
				LastSwiftUpdateCheck = 1420;
				LastUpgradeCheck = 1420;
				TargetAttributes = {
					E71C3BD02C41896F00E550C3 = {
						CreatedOnToolsVersion = 14.2;
					};
				};
			};
			buildConfigurationList = E71C3BCC2C41896F00E550C3 /* Build configuration list for PBXProject "WBChat" */;
			compatibilityVersion = "Xcode 14.0";
			developmentRegion = en;
			hasScannedForEncodings = 0;
			knownRegions = (
				en,
				Base,
			);
			mainGroup = E71C3BC82C41896F00E550C3;
			productRefGroup = E71C3BD22C41896F00E550C3 /* Products */;
			projectDirPath = "";
			projectRoot = "";
			targets = (
				E71C3BD02C41896F00E550C3 /* WBChat */,
			);
		};
/* End PBXProject section */

/* Begin PBXResourcesBuildPhase section */
		E71C3BCF2C41896F00E550C3 /* Resources */ = {
			isa = PBXResourcesBuildPhase;
			buildActionMask = 2147483647;
			files = (
				E71C3BDC2C41897100E550C3 /* Preview Assets.xcassets in Resources */,
				E71C3BD92C41897100E550C3 /* Assets.xcassets in Resources */,
			);
			runOnlyForDeploymentPostprocessing = 0;
		};
/* End PBXResourcesBuildPhase section */

/* Begin PBXSourcesBuildPhase section */
		E71C3BCD2C41896F00E550C3 /* Sources */ = {
			isa = PBXSourcesBuildPhase;
			buildActionMask = 2147483647;
			files = (
				E71C13E92C50374A007A1D5E /* ContactsSingletonView.swift in Sources */,
				E71C13DD2C4FDD9F007A1D5E /* UserModel.swift in Sources */,
				E71C13CC2C4FDB4E007A1D5E /* Router.swift in Sources */,
				E71C13EF2C503F62007A1D5E /* AddNewContactSingletonView.swift in Sources */,
				E71C13DF2C4FE019007A1D5E /* ContactRow.swift in Sources */,
				E71C13CE2C4FDC53007A1D5E /* ContactsViewModel.swift in Sources */,
				E71C13E12C4FF336007A1D5E /* ContactDetailView.swift in Sources */,
				E71C13EB2C5038B0007A1D5E /* Singleton.swift in Sources */,
				E71C3BD72C41896F00E550C3 /* ContentView.swift in Sources */,
				E71C13D02C4FDC72007A1D5E /* ContactsView.swift in Sources */,
				E71C3BD52C41896F00E550C3 /* WBChatApp.swift in Sources */,
				E71C13D52C4FDCA7007A1D5E /* AddNewContactView.swift in Sources */,
			);
			runOnlyForDeploymentPostprocessing = 0;
		};
/* End PBXSourcesBuildPhase section */

/* Begin XCBuildConfiguration section */
		E71C3BDD2C41897100E550C3 /* Debug */ = {
			isa = XCBuildConfiguration;
			buildSettings = {
				ALWAYS_SEARCH_USER_PATHS = NO;
				CLANG_ANALYZER_NONNULL = YES;
				CLANG_ANALYZER_NUMBER_OBJECT_CONVERSION = YES_AGGRESSIVE;
				CLANG_CXX_LANGUAGE_STANDARD = "gnu++20";
				CLANG_ENABLE_MODULES = YES;
				CLANG_ENABLE_OBJC_ARC = YES;
				CLANG_ENABLE_OBJC_WEAK = YES;
				CLANG_WARN_BLOCK_CAPTURE_AUTORELEASING = YES;
				CLANG_WARN_BOOL_CONVERSION = YES;
				CLANG_WARN_COMMA = YES;
				CLANG_WARN_CONSTANT_CONVERSION = YES;
				CLANG_WARN_DEPRECATED_OBJC_IMPLEMENTATIONS = YES;
				CLANG_WARN_DIRECT_OBJC_ISA_USAGE = YES_ERROR;
				CLANG_WARN_DOCUMENTATION_COMMENTS = YES;
				CLANG_WARN_EMPTY_BODY = YES;
				CLANG_WARN_ENUM_CONVERSION = YES;
				CLANG_WARN_INFINITE_RECURSION = YES;
				CLANG_WARN_INT_CONVERSION = YES;
				CLANG_WARN_NON_LITERAL_NULL_CONVERSION = YES;
				CLANG_WARN_OBJC_IMPLICIT_RETAIN_SELF = YES;
				CLANG_WARN_OBJC_LITERAL_CONVERSION = YES;
				CLANG_WARN_OBJC_ROOT_CLASS = YES_ERROR;
				CLANG_WARN_QUOTED_INCLUDE_IN_FRAMEWORK_HEADER = YES;
				CLANG_WARN_RANGE_LOOP_ANALYSIS = YES;
				CLANG_WARN_STRICT_PROTOTYPES = YES;
				CLANG_WARN_SUSPICIOUS_MOVE = YES;
				CLANG_WARN_UNGUARDED_AVAILABILITY = YES_AGGRESSIVE;
				CLANG_WARN_UNREACHABLE_CODE = YES;
				CLANG_WARN__DUPLICATE_METHOD_MATCH = YES;
				COPY_PHASE_STRIP = NO;
				DEBUG_INFORMATION_FORMAT = dwarf;
				ENABLE_STRICT_OBJC_MSGSEND = YES;
				ENABLE_TESTABILITY = YES;
				GCC_C_LANGUAGE_STANDARD = gnu11;
				GCC_DYNAMIC_NO_PIC = NO;
				GCC_NO_COMMON_BLOCKS = YES;
				GCC_OPTIMIZATION_LEVEL = 0;
				GCC_PREPROCESSOR_DEFINITIONS = (
					"DEBUG=1",
					"$(inherited)",
				);
				GCC_WARN_64_TO_32_BIT_CONVERSION = YES;
				GCC_WARN_ABOUT_RETURN_TYPE = YES_ERROR;
				GCC_WARN_UNDECLARED_SELECTOR = YES;
				GCC_WARN_UNINITIALIZED_AUTOS = YES_AGGRESSIVE;
				GCC_WARN_UNUSED_FUNCTION = YES;
				GCC_WARN_UNUSED_VARIABLE = YES;
				IPHONEOS_DEPLOYMENT_TARGET = 16.2;
				MTL_ENABLE_DEBUG_INFO = INCLUDE_SOURCE;
				MTL_FAST_MATH = YES;
				ONLY_ACTIVE_ARCH = YES;
				SDKROOT = iphoneos;
				SWIFT_ACTIVE_COMPILATION_CONDITIONS = DEBUG;
				SWIFT_OPTIMIZATION_LEVEL = "-Onone";
			};
			name = Debug;
		};
		E71C3BDE2C41897100E550C3 /* Release */ = {
			isa = XCBuildConfiguration;
			buildSettings = {
				ALWAYS_SEARCH_USER_PATHS = NO;
				CLANG_ANALYZER_NONNULL = YES;
				CLANG_ANALYZER_NUMBER_OBJECT_CONVERSION = YES_AGGRESSIVE;
				CLANG_CXX_LANGUAGE_STANDARD = "gnu++20";
				CLANG_ENABLE_MODULES = YES;
				CLANG_ENABLE_OBJC_ARC = YES;
				CLANG_ENABLE_OBJC_WEAK = YES;
				CLANG_WARN_BLOCK_CAPTURE_AUTORELEASING = YES;
				CLANG_WARN_BOOL_CONVERSION = YES;
				CLANG_WARN_COMMA = YES;
				CLANG_WARN_CONSTANT_CONVERSION = YES;
				CLANG_WARN_DEPRECATED_OBJC_IMPLEMENTATIONS = YES;
				CLANG_WARN_DIRECT_OBJC_ISA_USAGE = YES_ERROR;
				CLANG_WARN_DOCUMENTATION_COMMENTS = YES;
				CLANG_WARN_EMPTY_BODY = YES;
				CLANG_WARN_ENUM_CONVERSION = YES;
				CLANG_WARN_INFINITE_RECURSION = YES;
				CLANG_WARN_INT_CONVERSION = YES;
				CLANG_WARN_NON_LITERAL_NULL_CONVERSION = YES;
				CLANG_WARN_OBJC_IMPLICIT_RETAIN_SELF = YES;
				CLANG_WARN_OBJC_LITERAL_CONVERSION = YES;
				CLANG_WARN_OBJC_ROOT_CLASS = YES_ERROR;
				CLANG_WARN_QUOTED_INCLUDE_IN_FRAMEWORK_HEADER = YES;
				CLANG_WARN_RANGE_LOOP_ANALYSIS = YES;
				CLANG_WARN_STRICT_PROTOTYPES = YES;
				CLANG_WARN_SUSPICIOUS_MOVE = YES;
				CLANG_WARN_UNGUARDED_AVAILABILITY = YES_AGGRESSIVE;
				CLANG_WARN_UNREACHABLE_CODE = YES;
				CLANG_WARN__DUPLICATE_METHOD_MATCH = YES;
				COPY_PHASE_STRIP = NO;
				DEBUG_INFORMATION_FORMAT = "dwarf-with-dsym";
				ENABLE_NS_ASSERTIONS = NO;
				ENABLE_STRICT_OBJC_MSGSEND = YES;
				GCC_C_LANGUAGE_STANDARD = gnu11;
				GCC_NO_COMMON_BLOCKS = YES;
				GCC_WARN_64_TO_32_BIT_CONVERSION = YES;
				GCC_WARN_ABOUT_RETURN_TYPE = YES_ERROR;
				GCC_WARN_UNDECLARED_SELECTOR = YES;
				GCC_WARN_UNINITIALIZED_AUTOS = YES_AGGRESSIVE;
				GCC_WARN_UNUSED_FUNCTION = YES;
				GCC_WARN_UNUSED_VARIABLE = YES;
				IPHONEOS_DEPLOYMENT_TARGET = 16.2;
				MTL_ENABLE_DEBUG_INFO = NO;
				MTL_FAST_MATH = YES;
				SDKROOT = iphoneos;
				SWIFT_COMPILATION_MODE = wholemodule;
				SWIFT_OPTIMIZATION_LEVEL = "-O";
				VALIDATE_PRODUCT = YES;
			};
			name = Release;
		};
		E71C3BE02C41897100E550C3 /* Debug */ = {
			isa = XCBuildConfiguration;
			buildSettings = {
				ASSETCATALOG_COMPILER_APPICON_NAME = AppIcon;
				ASSETCATALOG_COMPILER_GLOBAL_ACCENT_COLOR_NAME = AccentColor;
				CODE_SIGN_STYLE = Automatic;
				CURRENT_PROJECT_VERSION = 1;
				DEVELOPMENT_ASSET_PATHS = "\"WBChat/Preview Content\"";
				ENABLE_PREVIEWS = YES;
				GENERATE_INFOPLIST_FILE = YES;
				INFOPLIST_KEY_UIApplicationSceneManifest_Generation = YES;
				INFOPLIST_KEY_UIApplicationSupportsIndirectInputEvents = YES;
				INFOPLIST_KEY_UILaunchScreen_Generation = YES;
				INFOPLIST_KEY_UISupportedInterfaceOrientations_iPad = "UIInterfaceOrientationPortrait UIInterfaceOrientationPortraitUpsideDown UIInterfaceOrientationLandscapeLeft UIInterfaceOrientationLandscapeRight";
				INFOPLIST_KEY_UISupportedInterfaceOrientations_iPhone = "UIInterfaceOrientationPortrait UIInterfaceOrientationLandscapeLeft UIInterfaceOrientationLandscapeRight";
				LD_RUNPATH_SEARCH_PATHS = (
					"$(inherited)",
					"@executable_path/Frameworks",
				);
				MARKETING_VERSION = 1.0;
				PRODUCT_BUNDLE_IDENTIFIER = "-2121.WBChat";
				PRODUCT_NAME = "$(TARGET_NAME)";
				SWIFT_EMIT_LOC_STRINGS = YES;
				SWIFT_VERSION = 5.0;
				TARGETED_DEVICE_FAMILY = "1,2";
			};
			name = Debug;
		};
		E71C3BE12C41897100E550C3 /* Release */ = {
			isa = XCBuildConfiguration;
			buildSettings = {
				ASSETCATALOG_COMPILER_APPICON_NAME = AppIcon;
				ASSETCATALOG_COMPILER_GLOBAL_ACCENT_COLOR_NAME = AccentColor;
				CODE_SIGN_STYLE = Automatic;
				CURRENT_PROJECT_VERSION = 1;
				DEVELOPMENT_ASSET_PATHS = "\"WBChat/Preview Content\"";
				ENABLE_PREVIEWS = YES;
				GENERATE_INFOPLIST_FILE = YES;
				INFOPLIST_KEY_UIApplicationSceneManifest_Generation = YES;
				INFOPLIST_KEY_UIApplicationSupportsIndirectInputEvents = YES;
				INFOPLIST_KEY_UILaunchScreen_Generation = YES;
				INFOPLIST_KEY_UISupportedInterfaceOrientations_iPad = "UIInterfaceOrientationPortrait UIInterfaceOrientationPortraitUpsideDown UIInterfaceOrientationLandscapeLeft UIInterfaceOrientationLandscapeRight";
				INFOPLIST_KEY_UISupportedInterfaceOrientations_iPhone = "UIInterfaceOrientationPortrait UIInterfaceOrientationLandscapeLeft UIInterfaceOrientationLandscapeRight";
				LD_RUNPATH_SEARCH_PATHS = (
					"$(inherited)",
					"@executable_path/Frameworks",
				);
				MARKETING_VERSION = 1.0;
				PRODUCT_BUNDLE_IDENTIFIER = "-2121.WBChat";
				PRODUCT_NAME = "$(TARGET_NAME)";
				SWIFT_EMIT_LOC_STRINGS = YES;
				SWIFT_VERSION = 5.0;
				TARGETED_DEVICE_FAMILY = "1,2";
			};
			name = Release;
		};
/* End XCBuildConfiguration section */

/* Begin XCConfigurationList section */
		E71C3BCC2C41896F00E550C3 /* Build configuration list for PBXProject "WBChat" */ = {
			isa = XCConfigurationList;
			buildConfigurations = (
				E71C3BDD2C41897100E550C3 /* Debug */,
				E71C3BDE2C41897100E550C3 /* Release */,
			);
			defaultConfigurationIsVisible = 0;
			defaultConfigurationName = Release;
		};
		E71C3BDF2C41897100E550C3 /* Build configuration list for PBXNativeTarget "WBChat" */ = {
			isa = XCConfigurationList;
			buildConfigurations = (
				E71C3BE02C41897100E550C3 /* Debug */,
				E71C3BE12C41897100E550C3 /* Release */,
			);
			defaultConfigurationIsVisible = 0;
			defaultConfigurationName = Release;
		};
/* End XCConfigurationList section */
	};
	rootObject = E71C3BC92C41896F00E550C3 /* Project object */;
}
